
Microsoft Visual Studio Solution File, Format Version 12.00
# Visual Studio 2012
Project("{FAE04EC0-301F-11D3-BF4B-00C04F79EFBC}") = "DeskTube", "DeskTube\DeskTube.csproj", "{AF608B50-C098-43FC-B2B7-3D0DE2C36896}"
EndProject
Project("{FAE04EC0-301F-11D3-BF4B-00C04F79EFBC}") = "Infrastructure", "Infrastructure\Infrastructure.csproj", "{714455FC-AFE9-4547-8E06-F433C7CEB0F4}"
EndProject
Project("{2150E333-8FDC-42A3-9474-1A3956D46DE8}") = "Solution Items", "Solution Items", "{78808F5F-163C-4F11-A40E-7A649B763DC2}"
	ProjectSection(SolutionItems) = preProject
		Performance1.psess = Performance1.psess
	EndProjectSection
EndProject
Global
	GlobalSection(SolutionConfigurationPlatforms) = preSolution
		Debug|Any CPU = Debug|Any CPU
		Release|Any CPU = Release|Any CPU
	EndGlobalSection
	GlobalSection(ProjectConfigurationPlatforms) = postSolution
		{AF608B50-C098-43FC-B2B7-3D0DE2C36896}.Debug|Any CPU.ActiveCfg = Debug|Any CPU
		{AF608B50-C098-43FC-B2B7-3D0DE2C36896}.Debug|Any CPU.Build.0 = Debug|Any CPU
		{AF608B50-C098-43FC-B2B7-3D0DE2C36896}.Release|Any CPU.ActiveCfg = Release|Any CPU
		{AF608B50-C098-43FC-B2B7-3D0DE2C36896}.Release|Any CPU.Build.0 = Release|Any CPU
		{714455FC-AFE9-4547-8E06-F433C7CEB0F4}.Debug|Any CPU.ActiveCfg = Debug|Any CPU
		{714455FC-AFE9-4547-8E06-F433C7CEB0F4}.Debug|Any CPU.Build.0 = Debug|Any CPU
		{714455FC-AFE9-4547-8E06-F433C7CEB0F4}.Release|Any CPU.ActiveCfg = Release|Any CPU
		{714455FC-AFE9-4547-8E06-F433C7CEB0F4}.Release|Any CPU.Build.0 = Release|Any CPU
	EndGlobalSection
	GlobalSection(SolutionProperties) = preSolution
		HideSolutionNode = FALSE
	EndGlobalSection
	GlobalSection(Performance) = preSolution
		HasPerformanceSessions = true
	EndGlobalSection
EndGlobal
